
Microsoft Visual Studio Solution File, Format Version 12.00
# Visual Studio Version 17
VisualStudioVersion = 17.9.34701.34
MinimumVisualStudioVersion = 10.0.40219.1
Project("{9A19103F-16F7-4668-BE54-9A1E7A4F7556}") = "WebsiteBook", "WebsiteBook\WebsiteBook.csproj", "{3F8C0F28-368E-42D3-B262-E9A7B7E8E3E1}"
EndProject
Global
	GlobalSection(SolutionConfigurationPlatforms) = preSolution
		Debug|Any CPU = Debug|Any CPU
		Release|Any CPU = Release|Any CPU
	EndGlobalSection
	GlobalSection(ProjectConfigurationPlatforms) = postSolution
		{3F8C0F28-368E-42D3-B262-E9A7B7E8E3E1}.Debug|Any CPU.ActiveCfg = Debug|Any CPU
		{3F8C0F28-368E-42D3-B262-E9A7B7E8E3E1}.Debug|Any CPU.Build.0 = Debug|Any CPU
		{3F8C0F28-368E-42D3-B262-E9A7B7E8E3E1}.Release|Any CPU.ActiveCfg = Release|Any CPU
		{3F8C0F28-368E-42D3-B262-E9A7B7E8E3E1}.Release|Any CPU.Build.0 = Release|Any CPU
	EndGlobalSection
	GlobalSection(SolutionProperties) = preSolution
		HideSolutionNode = FALSE
	EndGlobalSection
	GlobalSection(ExtensibilityGlobals) = postSolution
		SolutionGuid = {DF4A6150-6F46-4955-B3D3-466BCBD2B972}
	EndGlobalSection
EndGlobal
